
Microsoft Visual Studio Solution File, Format Version 12.00
# Visual Studio Version 17
VisualStudioVersion = 17.5.33424.131
MinimumVisualStudioVersion = 10.0.40219.1
Project("{9A19103F-16F7-4668-BE54-9A1E7A4F7556}") = "Human.Chrs.Domain", "Human.Chrs.Domain.csproj", "{005BF8D5-711C-4916-B386-274DCB98A5BA}"
EndProject
Global
	GlobalSection(SolutionConfigurationPlatforms) = preSolution
		Debug|Any CPU = Debug|Any CPU
		Release|Any CPU = Release|Any CPU
	EndGlobalSection
	GlobalSection(ProjectConfigurationPlatforms) = postSolution
		{005BF8D5-711C-4916-B386-274DCB98A5BA}.Debug|Any CPU.ActiveCfg = Debug|Any CPU
		{005BF8D5-711C-4916-B386-274DCB98A5BA}.Debug|Any CPU.Build.0 = Debug|Any CPU
		{005BF8D5-711C-4916-B386-274DCB98A5BA}.Release|Any CPU.ActiveCfg = Release|Any CPU
		{005BF8D5-711C-4916-B386-274DCB98A5BA}.Release|Any CPU.Build.0 = Release|Any CPU
	EndGlobalSection
	GlobalSection(SolutionProperties) = preSolution
		HideSolutionNode = FALSE
	EndGlobalSection
	GlobalSection(ExtensibilityGlobals) = postSolution
		SolutionGuid = {B85971B1-35A5-40AE-A956-4CAA2CE88EDC}
	EndGlobalSection
EndGlobal
